
Microsoft Visual Studio Solution File, Format Version 12.00
# Visual Studio Version 16
VisualStudioVersion = 16.0.31129.286
MinimumVisualStudioVersion = 10.0.40219.1
Project("{FAE04EC0-301F-11D3-BF4B-00C04F79EFBC}") = "StylesRename", "StylesRename\StylesRename.csproj", "{8CF256E9-E841-4C01-BDF4-5DF40FEDD052}"
EndProject
Project("{FAE04EC0-301F-11D3-BF4B-00C04F79EFBC}") = "BlocksOnSurface", "SolidsOnSurface\BlocksOnSurface.csproj", "{39000388-0C29-4919-A0B1-E2874972234B}"
EndProject
Global
	GlobalSection(SolutionConfigurationPlatforms) = preSolution
		Debug|Any CPU = Debug|Any CPU
		Release|Any CPU = Release|Any CPU
	EndGlobalSection
	GlobalSection(ProjectConfigurationPlatforms) = postSolution
		{8CF256E9-E841-4C01-BDF4-5DF40FEDD052}.Debug|Any CPU.ActiveCfg = Debug|Any CPU
		{8CF256E9-E841-4C01-BDF4-5DF40FEDD052}.Debug|Any CPU.Build.0 = Debug|Any CPU
		{8CF256E9-E841-4C01-BDF4-5DF40FEDD052}.Release|Any CPU.ActiveCfg = Release|Any CPU
		{8CF256E9-E841-4C01-BDF4-5DF40FEDD052}.Release|Any CPU.Build.0 = Release|Any CPU
		{39000388-0C29-4919-A0B1-E2874972234B}.Debug|Any CPU.ActiveCfg = Debug|Any CPU
		{39000388-0C29-4919-A0B1-E2874972234B}.Debug|Any CPU.Build.0 = Debug|Any CPU
		{39000388-0C29-4919-A0B1-E2874972234B}.Release|Any CPU.ActiveCfg = Release|Any CPU
		{39000388-0C29-4919-A0B1-E2874972234B}.Release|Any CPU.Build.0 = Release|Any CPU
	EndGlobalSection
	GlobalSection(SolutionProperties) = preSolution
		HideSolutionNode = FALSE
	EndGlobalSection
	GlobalSection(ExtensibilityGlobals) = postSolution
		SolutionGuid = {3DE1C880-A918-4B8F-8258-814022A30A91}
	EndGlobalSection
EndGlobal
